
Microsoft Visual Studio Solution File, Format Version 12.00
# Visual Studio Version 17
VisualStudioVersion = 17.5.33516.290
MinimumVisualStudioVersion = 10.0.40219.1
Project("{FAE04EC0-301F-11D3-BF4B-00C04F79EFBC}") = "HolaMundo", "HolaMundo.csproj", "{BB4B83D2-DE50-4BBE-8926-3B5E09BC3B78}"
EndProject
Global
	GlobalSection(SolutionConfigurationPlatforms) = preSolution
		Debug|Any CPU = Debug|Any CPU
		Release|Any CPU = Release|Any CPU
	EndGlobalSection
	GlobalSection(ProjectConfigurationPlatforms) = postSolution
		{BB4B83D2-DE50-4BBE-8926-3B5E09BC3B78}.Debug|Any CPU.ActiveCfg = Debug|Any CPU
		{BB4B83D2-DE50-4BBE-8926-3B5E09BC3B78}.Debug|Any CPU.Build.0 = Debug|Any CPU
		{BB4B83D2-DE50-4BBE-8926-3B5E09BC3B78}.Release|Any CPU.ActiveCfg = Release|Any CPU
		{BB4B83D2-DE50-4BBE-8926-3B5E09BC3B78}.Release|Any CPU.Build.0 = Release|Any CPU
	EndGlobalSection
	GlobalSection(SolutionProperties) = preSolution
		HideSolutionNode = FALSE
	EndGlobalSection
	GlobalSection(ExtensibilityGlobals) = postSolution
		SolutionGuid = {EF78843D-9435-44F1-A1E9-64C0A637E487}
	EndGlobalSection
EndGlobal
